
Microsoft Visual Studio Solution File, Format Version 12.00
# Visual Studio 15
VisualStudioVersion = 15.0.28010.2048
MinimumVisualStudioVersion = 10.0.40219.1
Project("{8BC9CEB8-8B4A-11D0-8D11-00A0C91BC942}") = "setthreadexecutionstatus", "setthreadexecutionstatus\setthreadexecutionstatus.vcxproj", "{907F1BE2-C7DF-4D1A-94E4-AD8176EC5609}"
EndProject
Global
	GlobalSection(SolutionConfigurationPlatforms) = preSolution
		Debug|x64 = Debug|x64
		Debug|x86 = Debug|x86
		Release|x64 = Release|x64
		Release|x86 = Release|x86
	EndGlobalSection
	GlobalSection(ProjectConfigurationPlatforms) = postSolution
		{907F1BE2-C7DF-4D1A-94E4-AD8176EC5609}.Debug|x64.ActiveCfg = Debug|x64
		{907F1BE2-C7DF-4D1A-94E4-AD8176EC5609}.Debug|x64.Build.0 = Debug|x64
		{907F1BE2-C7DF-4D1A-94E4-AD8176EC5609}.Debug|x86.ActiveCfg = Debug|Win32
		{907F1BE2-C7DF-4D1A-94E4-AD8176EC5609}.Debug|x86.Build.0 = Debug|Win32
		{907F1BE2-C7DF-4D1A-94E4-AD8176EC5609}.Release|x64.ActiveCfg = Release|x64
		{907F1BE2-C7DF-4D1A-94E4-AD8176EC5609}.Release|x64.Build.0 = Release|x64
		{907F1BE2-C7DF-4D1A-94E4-AD8176EC5609}.Release|x86.ActiveCfg = Release|Win32
		{907F1BE2-C7DF-4D1A-94E4-AD8176EC5609}.Release|x86.Build.0 = Release|Win32
	EndGlobalSection
	GlobalSection(SolutionProperties) = preSolution
		HideSolutionNode = FALSE
	EndGlobalSection
	GlobalSection(ExtensibilityGlobals) = postSolution
		SolutionGuid = {6CEE86E9-77D5-45A9-93F1-F13DD89FB1FA}
	EndGlobalSection
EndGlobal
